
Microsoft Visual Studio Solution File, Format Version 12.00
# Visual Studio 15
VisualStudioVersion = 15.0.26124.0
MinimumVisualStudioVersion = 15.0.26124.0
Project("{2150E333-8FDC-42A3-9474-1A3956D46DE8}") = "src", "src", "{FA5AF169-DF42-44F2-800D-314F8E7E8D80}"
EndProject
Project("{FAE04EC0-301F-11D3-BF4B-00C04F79EFBC}") = "DShop.Blazor", "src\DShop.Blazor\DShop.Blazor.csproj", "{FDD2DADA-EB68-4B3C-ABA7-C34370110816}"
EndProject
Global
	GlobalSection(SolutionConfigurationPlatforms) = preSolution
		Debug|Any CPU = Debug|Any CPU
		Debug|x64 = Debug|x64
		Debug|x86 = Debug|x86
		Release|Any CPU = Release|Any CPU
		Release|x64 = Release|x64
		Release|x86 = Release|x86
	EndGlobalSection
	GlobalSection(SolutionProperties) = preSolution
		HideSolutionNode = FALSE
	EndGlobalSection
	GlobalSection(ProjectConfigurationPlatforms) = postSolution
		{FDD2DADA-EB68-4B3C-ABA7-C34370110816}.Debug|Any CPU.ActiveCfg = Debug|Any CPU
		{FDD2DADA-EB68-4B3C-ABA7-C34370110816}.Debug|Any CPU.Build.0 = Debug|Any CPU
		{FDD2DADA-EB68-4B3C-ABA7-C34370110816}.Debug|x64.ActiveCfg = Debug|Any CPU
		{FDD2DADA-EB68-4B3C-ABA7-C34370110816}.Debug|x64.Build.0 = Debug|Any CPU
		{FDD2DADA-EB68-4B3C-ABA7-C34370110816}.Debug|x86.ActiveCfg = Debug|Any CPU
		{FDD2DADA-EB68-4B3C-ABA7-C34370110816}.Debug|x86.Build.0 = Debug|Any CPU
		{FDD2DADA-EB68-4B3C-ABA7-C34370110816}.Release|Any CPU.ActiveCfg = Release|Any CPU
		{FDD2DADA-EB68-4B3C-ABA7-C34370110816}.Release|Any CPU.Build.0 = Release|Any CPU
		{FDD2DADA-EB68-4B3C-ABA7-C34370110816}.Release|x64.ActiveCfg = Release|Any CPU
		{FDD2DADA-EB68-4B3C-ABA7-C34370110816}.Release|x64.Build.0 = Release|Any CPU
		{FDD2DADA-EB68-4B3C-ABA7-C34370110816}.Release|x86.ActiveCfg = Release|Any CPU
		{FDD2DADA-EB68-4B3C-ABA7-C34370110816}.Release|x86.Build.0 = Release|Any CPU
	EndGlobalSection
	GlobalSection(NestedProjects) = preSolution
		{FDD2DADA-EB68-4B3C-ABA7-C34370110816} = {FA5AF169-DF42-44F2-800D-314F8E7E8D80}
	EndGlobalSection
EndGlobal
